
Microsoft Visual Studio Solution File, Format Version 12.00
# Visual Studio 14
VisualStudioVersion = 14.0.25420.1
MinimumVisualStudioVersion = 10.0.40219.1
Project("{FAE04EC0-301F-11D3-BF4B-00C04F79EFBC}") = "Email", "Email\Email.csproj", "{41F42693-37F7-4D6B-A0A4-04487C61D7B4}"
EndProject
Project("{FAE04EC0-301F-11D3-BF4B-00C04F79EFBC}") = "PruebaEnvio", "PruebaEnvio\PruebaEnvio.csproj", "{EAF00103-B006-4997-9051-BC8452D09FBA}"
EndProject
Global
	GlobalSection(SolutionConfigurationPlatforms) = preSolution
		Debug|Any CPU = Debug|Any CPU
		Release|Any CPU = Release|Any CPU
	EndGlobalSection
	GlobalSection(ProjectConfigurationPlatforms) = postSolution
		{41F42693-37F7-4D6B-A0A4-04487C61D7B4}.Debug|Any CPU.ActiveCfg = Debug|Any CPU
		{41F42693-37F7-4D6B-A0A4-04487C61D7B4}.Debug|Any CPU.Build.0 = Debug|Any CPU
		{41F42693-37F7-4D6B-A0A4-04487C61D7B4}.Release|Any CPU.ActiveCfg = Release|Any CPU
		{41F42693-37F7-4D6B-A0A4-04487C61D7B4}.Release|Any CPU.Build.0 = Release|Any CPU
		{EAF00103-B006-4997-9051-BC8452D09FBA}.Debug|Any CPU.ActiveCfg = Debug|Any CPU
		{EAF00103-B006-4997-9051-BC8452D09FBA}.Debug|Any CPU.Build.0 = Debug|Any CPU
		{EAF00103-B006-4997-9051-BC8452D09FBA}.Release|Any CPU.ActiveCfg = Release|Any CPU
		{EAF00103-B006-4997-9051-BC8452D09FBA}.Release|Any CPU.Build.0 = Release|Any CPU
	EndGlobalSection
	GlobalSection(SolutionProperties) = preSolution
		HideSolutionNode = FALSE
	EndGlobalSection
EndGlobal
